
Microsoft Visual Studio Solution File, Format Version 12.00
# Visual Studio Version 17
VisualStudioVersion = 17.7.34031.279
MinimumVisualStudioVersion = 10.0.40219.1
Project("{FAE04EC0-301F-11D3-BF4B-00C04F79EFBC}") = "Bai01_buoi6", "Bai01_buoi6\Bai01_buoi6.csproj", "{0C1DABDD-CAB8-415F-8F6D-FAF6C8EBCC28}"
EndProject
Project("{FAE04EC0-301F-11D3-BF4B-00C04F79EFBC}") = "Bai02_buoi6", "Bai02_buoi6\Bai02_buoi6.csproj", "{A3E79798-23A0-4AC3-BDED-9DBE1FEA777E}"
EndProject
Project("{FAE04EC0-301F-11D3-BF4B-00C04F79EFBC}") = "Bai03_buoi6", "Bai03_buoi6\Bai03_buoi6.csproj", "{4D6971B0-452E-45E2-9E93-B653A20E5255}"
EndProject
Global
	GlobalSection(SolutionConfigurationPlatforms) = preSolution
		Debug|Any CPU = Debug|Any CPU
		Release|Any CPU = Release|Any CPU
	EndGlobalSection
	GlobalSection(ProjectConfigurationPlatforms) = postSolution
		{0C1DABDD-CAB8-415F-8F6D-FAF6C8EBCC28}.Debug|Any CPU.ActiveCfg = Debug|Any CPU
		{0C1DABDD-CAB8-415F-8F6D-FAF6C8EBCC28}.Debug|Any CPU.Build.0 = Debug|Any CPU
		{0C1DABDD-CAB8-415F-8F6D-FAF6C8EBCC28}.Release|Any CPU.ActiveCfg = Release|Any CPU
		{0C1DABDD-CAB8-415F-8F6D-FAF6C8EBCC28}.Release|Any CPU.Build.0 = Release|Any CPU
		{A3E79798-23A0-4AC3-BDED-9DBE1FEA777E}.Debug|Any CPU.ActiveCfg = Debug|Any CPU
		{A3E79798-23A0-4AC3-BDED-9DBE1FEA777E}.Debug|Any CPU.Build.0 = Debug|Any CPU
		{A3E79798-23A0-4AC3-BDED-9DBE1FEA777E}.Release|Any CPU.ActiveCfg = Release|Any CPU
		{A3E79798-23A0-4AC3-BDED-9DBE1FEA777E}.Release|Any CPU.Build.0 = Release|Any CPU
		{4D6971B0-452E-45E2-9E93-B653A20E5255}.Debug|Any CPU.ActiveCfg = Debug|Any CPU
		{4D6971B0-452E-45E2-9E93-B653A20E5255}.Debug|Any CPU.Build.0 = Debug|Any CPU
		{4D6971B0-452E-45E2-9E93-B653A20E5255}.Release|Any CPU.ActiveCfg = Release|Any CPU
		{4D6971B0-452E-45E2-9E93-B653A20E5255}.Release|Any CPU.Build.0 = Release|Any CPU
	EndGlobalSection
	GlobalSection(SolutionProperties) = preSolution
		HideSolutionNode = FALSE
	EndGlobalSection
	GlobalSection(ExtensibilityGlobals) = postSolution
		SolutionGuid = {A29413DF-51B2-4D4C-8AA4-77BB48AA8E7C}
	EndGlobalSection
EndGlobal
